
Microsoft Visual Studio Solution File, Format Version 12.00
# Visual Studio Version 17
VisualStudioVersion = 17.12.35707.178 d17.12
MinimumVisualStudioVersion = 10.0.40219.1
Project("{2150E333-8FDC-42A3-9474-1A3956D46DE8}") = "Infrastructure", "Infrastructure", "{AF49C7F0-9FE5-4FCE-BEEE-54C319BDD2A9}"
EndProject
Project("{2150E333-8FDC-42A3-9474-1A3956D46DE8}") = "Presentation", "Presentation", "{733CA2A0-214A-455C-AEC4-695F56A6B392}"
EndProject
Project("{2150E333-8FDC-42A3-9474-1A3956D46DE8}") = "Core", "Core", "{98A38C5B-694F-429D-A298-A48B65988620}"
EndProject
Project("{FAE04EC0-301F-11D3-BF4B-00C04F79EFBC}") = "OnionArch.APPLICATION", "Core\OnionArch.APPLICATION\OnionArch.APPLICATION.csproj", "{2BF7BB48-7F1D-4A68-8390-0149B38323FE}"
EndProject
Project("{FAE04EC0-301F-11D3-BF4B-00C04F79EFBC}") = "OnionArch.DOMAIN", "Core\OnionArch.DOMAIN\OnionArch.DOMAIN.csproj", "{62A6F2A7-37DC-4DDE-86FC-05206A984D5A}"
EndProject
Project("{FAE04EC0-301F-11D3-BF4B-00C04F79EFBC}") = "OnionArch.INFRASTRUCTURE", "Infrastructure\OnionArch.INFRASTRUCTURE\OnionArch.INFRASTRUCTURE.csproj", "{C8A43416-4CD8-4FC8-B0BC-C722360D2FF8}"
EndProject
Project("{FAE04EC0-301F-11D3-BF4B-00C04F79EFBC}") = "OnionArch.PERSISTENCE", "Infrastructure\OnionArch.PERSISTENCE\OnionArch.PERSISTENCE.csproj", "{8AB32B68-D53E-4B60-AD60-5A82C5BE6258}"
EndProject
Project("{FAE04EC0-301F-11D3-BF4B-00C04F79EFBC}") = "OnionArch.WebAPI", "Presentation\OnionArch.WebAPI\OnionArch.WebAPI.csproj", "{8F47835C-07A8-4892-A971-6A7CE9B4CBC7}"
EndProject
Project("{FAE04EC0-301F-11D3-BF4B-00C04F79EFBC}") = "OnionArch.CONTRACT", "Core\OnionArch.CONTRACT\OnionArch.CONTRACT.csproj", "{7B7F2FEA-7D71-4E7D-BB36-CDAD277F8BFC}"
EndProject
Global
	GlobalSection(SolutionConfigurationPlatforms) = preSolution
		Debug|Any CPU = Debug|Any CPU
		Release|Any CPU = Release|Any CPU
	EndGlobalSection
	GlobalSection(ProjectConfigurationPlatforms) = postSolution
		{2BF7BB48-7F1D-4A68-8390-0149B38323FE}.Debug|Any CPU.ActiveCfg = Debug|Any CPU
		{2BF7BB48-7F1D-4A68-8390-0149B38323FE}.Debug|Any CPU.Build.0 = Debug|Any CPU
		{2BF7BB48-7F1D-4A68-8390-0149B38323FE}.Release|Any CPU.ActiveCfg = Release|Any CPU
		{2BF7BB48-7F1D-4A68-8390-0149B38323FE}.Release|Any CPU.Build.0 = Release|Any CPU
		{62A6F2A7-37DC-4DDE-86FC-05206A984D5A}.Debug|Any CPU.ActiveCfg = Debug|Any CPU
		{62A6F2A7-37DC-4DDE-86FC-05206A984D5A}.Debug|Any CPU.Build.0 = Debug|Any CPU
		{62A6F2A7-37DC-4DDE-86FC-05206A984D5A}.Release|Any CPU.ActiveCfg = Release|Any CPU
		{62A6F2A7-37DC-4DDE-86FC-05206A984D5A}.Release|Any CPU.Build.0 = Release|Any CPU
		{C8A43416-4CD8-4FC8-B0BC-C722360D2FF8}.Debug|Any CPU.ActiveCfg = Debug|Any CPU
		{C8A43416-4CD8-4FC8-B0BC-C722360D2FF8}.Debug|Any CPU.Build.0 = Debug|Any CPU
		{C8A43416-4CD8-4FC8-B0BC-C722360D2FF8}.Release|Any CPU.ActiveCfg = Release|Any CPU
		{C8A43416-4CD8-4FC8-B0BC-C722360D2FF8}.Release|Any CPU.Build.0 = Release|Any CPU
		{8AB32B68-D53E-4B60-AD60-5A82C5BE6258}.Debug|Any CPU.ActiveCfg = Debug|Any CPU
		{8AB32B68-D53E-4B60-AD60-5A82C5BE6258}.Debug|Any CPU.Build.0 = Debug|Any CPU
		{8AB32B68-D53E-4B60-AD60-5A82C5BE6258}.Release|Any CPU.ActiveCfg = Release|Any CPU
		{8AB32B68-D53E-4B60-AD60-5A82C5BE6258}.Release|Any CPU.Build.0 = Release|Any CPU
		{8F47835C-07A8-4892-A971-6A7CE9B4CBC7}.Debug|Any CPU.ActiveCfg = Debug|Any CPU
		{8F47835C-07A8-4892-A971-6A7CE9B4CBC7}.Debug|Any CPU.Build.0 = Debug|Any CPU
		{8F47835C-07A8-4892-A971-6A7CE9B4CBC7}.Release|Any CPU.ActiveCfg = Release|Any CPU
		{8F47835C-07A8-4892-A971-6A7CE9B4CBC7}.Release|Any CPU.Build.0 = Release|Any CPU
		{7B7F2FEA-7D71-4E7D-BB36-CDAD277F8BFC}.Debug|Any CPU.ActiveCfg = Debug|Any CPU
		{7B7F2FEA-7D71-4E7D-BB36-CDAD277F8BFC}.Debug|Any CPU.Build.0 = Debug|Any CPU
		{7B7F2FEA-7D71-4E7D-BB36-CDAD277F8BFC}.Release|Any CPU.ActiveCfg = Release|Any CPU
		{7B7F2FEA-7D71-4E7D-BB36-CDAD277F8BFC}.Release|Any CPU.Build.0 = Release|Any CPU
	EndGlobalSection
	GlobalSection(SolutionProperties) = preSolution
		HideSolutionNode = FALSE
	EndGlobalSection
	GlobalSection(NestedProjects) = preSolution
		{2BF7BB48-7F1D-4A68-8390-0149B38323FE} = {98A38C5B-694F-429D-A298-A48B65988620}
		{62A6F2A7-37DC-4DDE-86FC-05206A984D5A} = {98A38C5B-694F-429D-A298-A48B65988620}
		{C8A43416-4CD8-4FC8-B0BC-C722360D2FF8} = {AF49C7F0-9FE5-4FCE-BEEE-54C319BDD2A9}
		{8AB32B68-D53E-4B60-AD60-5A82C5BE6258} = {AF49C7F0-9FE5-4FCE-BEEE-54C319BDD2A9}
		{8F47835C-07A8-4892-A971-6A7CE9B4CBC7} = {733CA2A0-214A-455C-AEC4-695F56A6B392}
		{7B7F2FEA-7D71-4E7D-BB36-CDAD277F8BFC} = {98A38C5B-694F-429D-A298-A48B65988620}
	EndGlobalSection
EndGlobal
